
Microsoft Visual Studio Solution File, Format Version 12.00
# Visual Studio 14
VisualStudioVersion = 14.0.23107.0
MinimumVisualStudioVersion = 10.0.40219.1
Project("{FAE04EC0-301F-11D3-BF4B-00C04F79EFBC}") = "PirateGame", "PirateGame\PirateGame.csproj", "{7B11523C-9008-4BBA-85C4-F5DF08A6FE15}"
EndProject
Project("{2150E333-8FDC-42A3-9474-1A3956D46DE8}") = "Solution Items", "Solution Items", "{9B95A75B-C6EF-4237-8B85-B36B5BD01CA6}"
EndProject
Global
	GlobalSection(SolutionConfigurationPlatforms) = preSolution
		Debug|x86 = Debug|x86
		Release|x86 = Release|x86
	EndGlobalSection
	GlobalSection(ProjectConfigurationPlatforms) = postSolution
		{7B11523C-9008-4BBA-85C4-F5DF08A6FE15}.Debug|x86.ActiveCfg = Debug|x86
		{7B11523C-9008-4BBA-85C4-F5DF08A6FE15}.Debug|x86.Build.0 = Debug|x86
		{7B11523C-9008-4BBA-85C4-F5DF08A6FE15}.Release|x86.ActiveCfg = Release|x86
		{7B11523C-9008-4BBA-85C4-F5DF08A6FE15}.Release|x86.Build.0 = Release|x86
	EndGlobalSection
	GlobalSection(SolutionProperties) = preSolution
		HideSolutionNode = FALSE
	EndGlobalSection
EndGlobal
